// !$*UTF8*$!
{
	archiveVersion = 1;
	classes = {
	};
	objectVersion = 56;
	objects = {

/* Begin PBXBuildFile section */
		999C4B4E2B1A53E60030C54D /* ExplainView.swift in Sources */ = {isa = PBXBuildFile; fileRef = 999C4B4D2B1A53E60030C54D /* ExplainView.swift */; };
		999C4B512B1A544E0030C54D /* Pow in Frameworks */ = {isa = PBXBuildFile; productRef = 999C4B502B1A544E0030C54D /* Pow */; };
		99F37B6B2B122EAC00649D0D /* RandomApp.swift in Sources */ = {isa = PBXBuildFile; fileRef = 99F37B6A2B122EAC00649D0D /* RandomApp.swift */; };
		99F37B6D2B122EAC00649D0D /* ContentView.swift in Sources */ = {isa = PBXBuildFile; fileRef = 99F37B6C2B122EAC00649D0D /* ContentView.swift */; };
		99F37B6F2B122EAE00649D0D /* Assets.xcassets in Resources */ = {isa = PBXBuildFile; fileRef = 99F37B6E2B122EAE00649D0D /* Assets.xcassets */; };
		99F37B722B122EAE00649D0D /* Preview Assets.xcassets in Resources */ = {isa = PBXBuildFile; fileRef = 99F37B712B122EAE00649D0D /* Preview Assets.xcassets */; };
		99F37B7C2B122EAE00649D0D /* RandomTests.swift in Sources */ = {isa = PBXBuildFile; fileRef = 99F37B7B2B122EAE00649D0D /* RandomTests.swift */; };
		99F37B862B122EAE00649D0D /* RandomUITests.swift in Sources */ = {isa = PBXBuildFile; fileRef = 99F37B852B122EAE00649D0D /* RandomUITests.swift */; };
		99F37B882B122EAE00649D0D /* RandomUITestsLaunchTests.swift in Sources */ = {isa = PBXBuildFile; fileRef = 99F37B872B122EAE00649D0D /* RandomUITestsLaunchTests.swift */; };
		99F37B952B122FB300649D0D /* SettingsView.swift in Sources */ = {isa = PBXBuildFile; fileRef = 99F37B942B122FB300649D0D /* SettingsView.swift */; };
		99F37B972B122FEB00649D0D /* RandomView.swift in Sources */ = {isa = PBXBuildFile; fileRef = 99F37B962B122FEB00649D0D /* RandomView.swift */; };
/* End PBXBuildFile section */

/* Begin PBXContainerItemProxy section */
		99F37B782B122EAE00649D0D /* PBXContainerItemProxy */ = {
			isa = PBXContainerItemProxy;
			containerPortal = 99F37B5F2B122EAC00649D0D /* Project object */;
			proxyType = 1;
			remoteGlobalIDString = 99F37B662B122EAC00649D0D;
			remoteInfo = Random;
		};
		99F37B822B122EAE00649D0D /* PBXContainerItemProxy */ = {
			isa = PBXContainerItemProxy;
			containerPortal = 99F37B5F2B122EAC00649D0D /* Project object */;
			proxyType = 1;
			remoteGlobalIDString = 99F37B662B122EAC00649D0D;
			remoteInfo = Random;
		};
/* End PBXContainerItemProxy section */

/* Begin PBXFileReference section */
		999C4B4D2B1A53E60030C54D /* ExplainView.swift */ = {isa = PBXFileReference; lastKnownFileType = sourcecode.swift; path = ExplainView.swift; sourceTree = "<group>"; };
		99F37B672B122EAC00649D0D /* Random.app */ = {isa = PBXFileReference; explicitFileType = wrapper.application; includeInIndex = 0; path = Random.app; sourceTree = BUILT_PRODUCTS_DIR; };
		99F37B6A2B122EAC00649D0D /* RandomApp.swift */ = {isa = PBXFileReference; lastKnownFileType = sourcecode.swift; path = RandomApp.swift; sourceTree = "<group>"; };
		99F37B6C2B122EAC00649D0D /* ContentView.swift */ = {isa = PBXFileReference; lastKnownFileType = sourcecode.swift; path = ContentView.swift; sourceTree = "<group>"; };
		99F37B6E2B122EAE00649D0D /* Assets.xcassets */ = {isa = PBXFileReference; lastKnownFileType = folder.assetcatalog; path = Assets.xcassets; sourceTree = "<group>"; };
		99F37B712B122EAE00649D0D /* Preview Assets.xcassets */ = {isa = PBXFileReference; lastKnownFileType = folder.assetcatalog; path = "Preview Assets.xcassets"; sourceTree = "<group>"; };
		99F37B772B122EAE00649D0D /* RandomTests.xctest */ = {isa = PBXFileReference; explicitFileType = wrapper.cfbundle; includeInIndex = 0; path = RandomTests.xctest; sourceTree = BUILT_PRODUCTS_DIR; };
		99F37B7B2B122EAE00649D0D /* RandomTests.swift */ = {isa = PBXFileReference; lastKnownFileType = sourcecode.swift; path = RandomTests.swift; sourceTree = "<group>"; };
		99F37B812B122EAE00649D0D /* RandomUITests.xctest */ = {isa = PBXFileReference; explicitFileType = wrapper.cfbundle; includeInIndex = 0; path = RandomUITests.xctest; sourceTree = BUILT_PRODUCTS_DIR; };
		99F37B852B122EAE00649D0D /* RandomUITests.swift */ = {isa = PBXFileReference; lastKnownFileType = sourcecode.swift; path = RandomUITests.swift; sourceTree = "<group>"; };
		99F37B872B122EAE00649D0D /* RandomUITestsLaunchTests.swift */ = {isa = PBXFileReference; lastKnownFileType = sourcecode.swift; path = RandomUITestsLaunchTests.swift; sourceTree = "<group>"; };
		99F37B942B122FB300649D0D /* SettingsView.swift */ = {isa = PBXFileReference; lastKnownFileType = sourcecode.swift; path = SettingsView.swift; sourceTree = "<group>"; };
		99F37B962B122FEB00649D0D /* RandomView.swift */ = {isa = PBXFileReference; lastKnownFileType = sourcecode.swift; path = RandomView.swift; sourceTree = "<group>"; };
/* End PBXFileReference section */

/* Begin PBXFrameworksBuildPhase section */
		99F37B642B122EAC00649D0D /* Frameworks */ = {
			isa = PBXFrameworksBuildPhase;
			buildActionMask = 2147483647;
			files = (
				999C4B512B1A544E0030C54D /* Pow in Frameworks */,
			);
			runOnlyForDeploymentPostprocessing = 0;
		};
		99F37B742B122EAE00649D0D /* Frameworks */ = {
			isa = PBXFrameworksBuildPhase;
			buildActionMask = 2147483647;
			files = (
			);
			runOnlyForDeploymentPostprocessing = 0;
		};
		99F37B7E2B122EAE00649D0D /* Frameworks */ = {
			isa = PBXFrameworksBuildPhase;
			buildActionMask = 2147483647;
			files = (
			);
			runOnlyForDeploymentPostprocessing = 0;
		};
/* End PBXFrameworksBuildPhase section */

/* Begin PBXGroup section */
		99F37B5E2B122EAC00649D0D = {
			isa = PBXGroup;
			children = (
				99F37B692B122EAC00649D0D /* Random */,
				99F37B7A2B122EAE00649D0D /* RandomTests */,
				99F37B842B122EAE00649D0D /* RandomUITests */,
				99F37B682B122EAC00649D0D /* Products */,
			);
			sourceTree = "<group>";
		};
		99F37B682B122EAC00649D0D /* Products */ = {
			isa = PBXGroup;
			children = (
				99F37B672B122EAC00649D0D /* Random.app */,
				99F37B772B122EAE00649D0D /* RandomTests.xctest */,
				99F37B812B122EAE00649D0D /* RandomUITests.xctest */,
			);
			name = Products;
			sourceTree = "<group>";
		};
		99F37B692B122EAC00649D0D /* Random */ = {
			isa = PBXGroup;
			children = (
				99F37B6A2B122EAC00649D0D /* RandomApp.swift */,
				99F37B6C2B122EAC00649D0D /* ContentView.swift */,
				999C4B4D2B1A53E60030C54D /* ExplainView.swift */,
				99F37B962B122FEB00649D0D /* RandomView.swift */,
				99F37B942B122FB300649D0D /* SettingsView.swift */,
				99F37B6E2B122EAE00649D0D /* Assets.xcassets */,
				99F37B702B122EAE00649D0D /* Preview Content */,
			);
			path = Random;
			sourceTree = "<group>";
		};
		99F37B702B122EAE00649D0D /* Preview Content */ = {
			isa = PBXGroup;
			children = (
				99F37B712B122EAE00649D0D /* Preview Assets.xcassets */,
			);
			path = "Preview Content";
			sourceTree = "<group>";
		};
		99F37B7A2B122EAE00649D0D /* RandomTests */ = {
			isa = PBXGroup;
			children = (
				99F37B7B2B122EAE00649D0D /* RandomTests.swift */,
			);
			path = RandomTests;
			sourceTree = "<group>";
		};
		99F37B842B122EAE00649D0D /* RandomUITests */ = {
			isa = PBXGroup;
			children = (
				99F37B852B122EAE00649D0D /* RandomUITests.swift */,
				99F37B872B122EAE00649D0D /* RandomUITestsLaunchTests.swift */,
			);
			path = RandomUITests;
			sourceTree = "<group>";
		};
/* End PBXGroup section */

/* Begin PBXNativeTarget section */
		99F37B662B122EAC00649D0D /* Random */ = {
			isa = PBXNativeTarget;
			buildConfigurationList = 99F37B8B2B122EAE00649D0D /* Build configuration list for PBXNativeTarget "Random" */;
			buildPhases = (
				99F37B632B122EAC00649D0D /* Sources */,
				99F37B642B122EAC00649D0D /* Frameworks */,
				99F37B652B122EAC00649D0D /* Resources */,
			);
			buildRules = (
			);
			dependencies = (
			);
			name = Random;
			packageProductDependencies = (
				999C4B502B1A544E0030C54D /* Pow */,
			);
			productName = Random;
			productReference = 99F37B672B122EAC00649D0D /* Random.app */;
			productType = "com.apple.product-type.application";
		};
		99F37B762B122EAE00649D0D /* RandomTests */ = {
			isa = PBXNativeTarget;
			buildConfigurationList = 99F37B8E2B122EAE00649D0D /* Build configuration list for PBXNativeTarget "RandomTests" */;
			buildPhases = (
				99F37B732B122EAE00649D0D /* Sources */,
				99F37B742B122EAE00649D0D /* Frameworks */,
				99F37B752B122EAE00649D0D /* Resources */,
			);
			buildRules = (
			);
			dependencies = (
				99F37B792B122EAE00649D0D /* PBXTargetDependency */,
			);
			name = RandomTests;
			productName = RandomTests;
			productReference = 99F37B772B122EAE00649D0D /* RandomTests.xctest */;
			productType = "com.apple.product-type.bundle.unit-test";
		};
		99F37B802B122EAE00649D0D /* RandomUITests */ = {
			isa = PBXNativeTarget;
			buildConfigurationList = 99F37B912B122EAE00649D0D /* Build configuration list for PBXNativeTarget "RandomUITests" */;
			buildPhases = (
				99F37B7D2B122EAE00649D0D /* Sources */,
				99F37B7E2B122EAE00649D0D /* Frameworks */,
				99F37B7F2B122EAE00649D0D /* Resources */,
			);
			buildRules = (
			);
			dependencies = (
				99F37B832B122EAE00649D0D /* PBXTargetDependency */,
			);
			name = RandomUITests;
			productName = RandomUITests;
			productReference = 99F37B812B122EAE00649D0D /* RandomUITests.xctest */;
			productType = "com.apple.product-type.bundle.ui-testing";
		};
/* End PBXNativeTarget section */

/* Begin PBXProject section */
		99F37B5F2B122EAC00649D0D /* Project object */ = {
			isa = PBXProject;
			attributes = {
				BuildIndependentTargetsInParallel = 1;
				LastSwiftUpdateCheck = 1500;
				LastUpgradeCheck = 1500;
				TargetAttributes = {
					99F37B662B122EAC00649D0D = {
						CreatedOnToolsVersion = 15.0.1;
					};
					99F37B762B122EAE00649D0D = {
						CreatedOnToolsVersion = 15.0.1;
						TestTargetID = 99F37B662B122EAC00649D0D;
					};
					99F37B802B122EAE00649D0D = {
						CreatedOnToolsVersion = 15.0.1;
						TestTargetID = 99F37B662B122EAC00649D0D;
					};
				};
			};
			buildConfigurationList = 99F37B622B122EAC00649D0D /* Build configuration list for PBXProject "Random" */;
			compatibilityVersion = "Xcode 14.0";
			developmentRegion = en;
			hasScannedForEncodings = 0;
			knownRegions = (
				en,
				Base,
			);
			mainGroup = 99F37B5E2B122EAC00649D0D;
			packageReferences = (
				999C4B4F2B1A544E0030C54D /* XCRemoteSwiftPackageReference "Pow" */,
			);
			productRefGroup = 99F37B682B122EAC00649D0D /* Products */;
			projectDirPath = "";
			projectRoot = "";
			targets = (
				99F37B662B122EAC00649D0D /* Random */,
				99F37B762B122EAE00649D0D /* RandomTests */,
				99F37B802B122EAE00649D0D /* RandomUITests */,
			);
		};
/* End PBXProject section */

/* Begin PBXResourcesBuildPhase section */
		99F37B652B122EAC00649D0D /* Resources */ = {
			isa = PBXResourcesBuildPhase;
			buildActionMask = 2147483647;
			files = (
				99F37B722B122EAE00649D0D /* Preview Assets.xcassets in Resources */,
				99F37B6F2B122EAE00649D0D /* Assets.xcassets in Resources */,
			);
			runOnlyForDeploymentPostprocessing = 0;
		};
		99F37B752B122EAE00649D0D /* Resources */ = {
			isa = PBXResourcesBuildPhase;
			buildActionMask = 2147483647;
			files = (
			);
			runOnlyForDeploymentPostprocessing = 0;
		};
		99F37B7F2B122EAE00649D0D /* Resources */ = {
			isa = PBXResourcesBuildPhase;
			buildActionMask = 2147483647;
			files = (
			);
			runOnlyForDeploymentPostprocessing = 0;
		};
/* End PBXResourcesBuildPhase section */

/* Begin PBXSourcesBuildPhase section */
		99F37B632B122EAC00649D0D /* Sources */ = {
			isa = PBXSourcesBuildPhase;
			buildActionMask = 2147483647;
			files = (
				99F37B952B122FB300649D0D /* SettingsView.swift in Sources */,
				999C4B4E2B1A53E60030C54D /* ExplainView.swift in Sources */,
				99F37B6D2B122EAC00649D0D /* ContentView.swift in Sources */,
				99F37B6B2B122EAC00649D0D /* RandomApp.swift in Sources */,
				99F37B972B122FEB00649D0D /* RandomView.swift in Sources */,
			);
			runOnlyForDeploymentPostprocessing = 0;
		};
		99F37B732B122EAE00649D0D /* Sources */ = {
			isa = PBXSourcesBuildPhase;
			buildActionMask = 2147483647;
			files = (
				99F37B7C2B122EAE00649D0D /* RandomTests.swift in Sources */,
			);
			runOnlyForDeploymentPostprocessing = 0;
		};
		99F37B7D2B122EAE00649D0D /* Sources */ = {
			isa = PBXSourcesBuildPhase;
			buildActionMask = 2147483647;
			files = (
				99F37B862B122EAE00649D0D /* RandomUITests.swift in Sources */,
				99F37B882B122EAE00649D0D /* RandomUITestsLaunchTests.swift in Sources */,
			);
			runOnlyForDeploymentPostprocessing = 0;
		};
/* End PBXSourcesBuildPhase section */

/* Begin PBXTargetDependency section */
		99F37B792B122EAE00649D0D /* PBXTargetDependency */ = {
			isa = PBXTargetDependency;
			target = 99F37B662B122EAC00649D0D /* Random */;
			targetProxy = 99F37B782B122EAE00649D0D /* PBXContainerItemProxy */;
		};
		99F37B832B122EAE00649D0D /* PBXTargetDependency */ = {
			isa = PBXTargetDependency;
			target = 99F37B662B122EAC00649D0D /* Random */;
			targetProxy = 99F37B822B122EAE00649D0D /* PBXContainerItemProxy */;
		};
/* End PBXTargetDependency section */

/* Begin XCBuildConfiguration section */
		99F37B892B122EAE00649D0D /* Debug */ = {
			isa = XCBuildConfiguration;
			buildSettings = {
				ALWAYS_SEARCH_USER_PATHS = NO;
				ASSETCATALOG_COMPILER_GENERATE_SWIFT_ASSET_SYMBOL_EXTENSIONS = YES;
				CLANG_ANALYZER_NONNULL = YES;
				CLANG_ANALYZER_NUMBER_OBJECT_CONVERSION = YES_AGGRESSIVE;
				CLANG_CXX_LANGUAGE_STANDARD = "gnu++20";
				CLANG_ENABLE_MODULES = YES;
				CLANG_ENABLE_OBJC_ARC = YES;
				CLANG_ENABLE_OBJC_WEAK = YES;
				CLANG_WARN_BLOCK_CAPTURE_AUTORELEASING = YES;
				CLANG_WARN_BOOL_CONVERSION = YES;
				CLANG_WARN_COMMA = YES;
				CLANG_WARN_CONSTANT_CONVERSION = YES;
				CLANG_WARN_DEPRECATED_OBJC_IMPLEMENTATIONS = YES;
				CLANG_WARN_DIRECT_OBJC_ISA_USAGE = YES_ERROR;
				CLANG_WARN_DOCUMENTATION_COMMENTS = YES;
				CLANG_WARN_EMPTY_BODY = YES;
				CLANG_WARN_ENUM_CONVERSION = YES;
				CLANG_WARN_INFINITE_RECURSION = YES;
				CLANG_WARN_INT_CONVERSION = YES;
				CLANG_WARN_NON_LITERAL_NULL_CONVERSION = YES;
				CLANG_WARN_OBJC_IMPLICIT_RETAIN_SELF = YES;
				CLANG_WARN_OBJC_LITERAL_CONVERSION = YES;
				CLANG_WARN_OBJC_ROOT_CLASS = YES_ERROR;
				CLANG_WARN_QUOTED_INCLUDE_IN_FRAMEWORK_HEADER = YES;
				CLANG_WARN_RANGE_LOOP_ANALYSIS = YES;
				CLANG_WARN_STRICT_PROTOTYPES = YES;
				CLANG_WARN_SUSPICIOUS_MOVE = YES;
				CLANG_WARN_UNGUARDED_AVAILABILITY = YES_AGGRESSIVE;
				CLANG_WARN_UNREACHABLE_CODE = YES;
				CLANG_WARN__DUPLICATE_METHOD_MATCH = YES;
				COPY_PHASE_STRIP = NO;
				DEBUG_INFORMATION_FORMAT = dwarf;
				ENABLE_STRICT_OBJC_MSGSEND = YES;
				ENABLE_TESTABILITY = YES;
				ENABLE_USER_SCRIPT_SANDBOXING = YES;
				GCC_C_LANGUAGE_STANDARD = gnu17;
				GCC_DYNAMIC_NO_PIC = NO;
				GCC_NO_COMMON_BLOCKS = YES;
				GCC_OPTIMIZATION_LEVEL = 0;
				GCC_PREPROCESSOR_DEFINITIONS = (
					"DEBUG=1",
					"$(inherited)",
				);
				GCC_WARN_64_TO_32_BIT_CONVERSION = YES;
				GCC_WARN_ABOUT_RETURN_TYPE = YES_ERROR;
				GCC_WARN_UNDECLARED_SELECTOR = YES;
				GCC_WARN_UNINITIALIZED_AUTOS = YES_AGGRESSIVE;
				GCC_WARN_UNUSED_FUNCTION = YES;
				GCC_WARN_UNUSED_VARIABLE = YES;
				IPHONEOS_DEPLOYMENT_TARGET = 17.0;
				LOCALIZATION_PREFERS_STRING_CATALOGS = YES;
				MTL_ENABLE_DEBUG_INFO = INCLUDE_SOURCE;
				MTL_FAST_MATH = YES;
				ONLY_ACTIVE_ARCH = YES;
				SDKROOT = iphoneos;
				SWIFT_ACTIVE_COMPILATION_CONDITIONS = "DEBUG $(inherited)";
				SWIFT_OPTIMIZATION_LEVEL = "-Onone";
			};
			name = Debug;
		};
		99F37B8A2B122EAE00649D0D /* Release */ = {
			isa = XCBuildConfiguration;
			buildSettings = {
				ALWAYS_SEARCH_USER_PATHS = NO;
				ASSETCATALOG_COMPILER_GENERATE_SWIFT_ASSET_SYMBOL_EXTENSIONS = YES;
				CLANG_ANALYZER_NONNULL = YES;
				CLANG_ANALYZER_NUMBER_OBJECT_CONVERSION = YES_AGGRESSIVE;
				CLANG_CXX_LANGUAGE_STANDARD = "gnu++20";
				CLANG_ENABLE_MODULES = YES;
				CLANG_ENABLE_OBJC_ARC = YES;
				CLANG_ENABLE_OBJC_WEAK = YES;
				CLANG_WARN_BLOCK_CAPTURE_AUTORELEASING = YES;
				CLANG_WARN_BOOL_CONVERSION = YES;
				CLANG_WARN_COMMA = YES;
				CLANG_WARN_CONSTANT_CONVERSION = YES;
				CLANG_WARN_DEPRECATED_OBJC_IMPLEMENTATIONS = YES;
				CLANG_WARN_DIRECT_OBJC_ISA_USAGE = YES_ERROR;
				CLANG_WARN_DOCUMENTATION_COMMENTS = YES;
				CLANG_WARN_EMPTY_BODY = YES;
				CLANG_WARN_ENUM_CONVERSION = YES;
				CLANG_WARN_INFINITE_RECURSION = YES;
				CLANG_WARN_INT_CONVERSION = YES;
				CLANG_WARN_NON_LITERAL_NULL_CONVERSION = YES;
				CLANG_WARN_OBJC_IMPLICIT_RETAIN_SELF = YES;
				CLANG_WARN_OBJC_LITERAL_CONVERSION = YES;
				CLANG_WARN_OBJC_ROOT_CLASS = YES_ERROR;
				CLANG_WARN_QUOTED_INCLUDE_IN_FRAMEWORK_HEADER = YES;
				CLANG_WARN_RANGE_LOOP_ANALYSIS = YES;
				CLANG_WARN_STRICT_PROTOTYPES = YES;
				CLANG_WARN_SUSPICIOUS_MOVE = YES;
				CLANG_WARN_UNGUARDED_AVAILABILITY = YES_AGGRESSIVE;
				CLANG_WARN_UNREACHABLE_CODE = YES;
				CLANG_WARN__DUPLICATE_METHOD_MATCH = YES;
				COPY_PHASE_STRIP = NO;
				DEBUG_INFORMATION_FORMAT = "dwarf-with-dsym";
				ENABLE_NS_ASSERTIONS = NO;
				ENABLE_STRICT_OBJC_MSGSEND = YES;
				ENABLE_USER_SCRIPT_SANDBOXING = YES;
				GCC_C_LANGUAGE_STANDARD = gnu17;
				GCC_NO_COMMON_BLOCKS = YES;
				GCC_WARN_64_TO_32_BIT_CONVERSION = YES;
				GCC_WARN_ABOUT_RETURN_TYPE = YES_ERROR;
				GCC_WARN_UNDECLARED_SELECTOR = YES;
				GCC_WARN_UNINITIALIZED_AUTOS = YES_AGGRESSIVE;
				GCC_WARN_UNUSED_FUNCTION = YES;
				GCC_WARN_UNUSED_VARIABLE = YES;
				IPHONEOS_DEPLOYMENT_TARGET = 17.0;
				LOCALIZATION_PREFERS_STRING_CATALOGS = YES;
				MTL_ENABLE_DEBUG_INFO = NO;
				MTL_FAST_MATH = YES;
				SDKROOT = iphoneos;
				SWIFT_COMPILATION_MODE = wholemodule;
				VALIDATE_PRODUCT = YES;
			};
			name = Release;
		};
		99F37B8C2B122EAE00649D0D /* Debug */ = {
			isa = XCBuildConfiguration;
			buildSettings = {
				ASSETCATALOG_COMPILER_APPICON_NAME = AppIcon;
				ASSETCATALOG_COMPILER_GLOBAL_ACCENT_COLOR_NAME = AccentColor;
				CODE_SIGN_STYLE = Automatic;
				CURRENT_PROJECT_VERSION = 1;
				DEVELOPMENT_ASSET_PATHS = "\"Random/Preview Content\"";
				DEVELOPMENT_TEAM = J28YA2GMX3;
				ENABLE_PREVIEWS = YES;
				GENERATE_INFOPLIST_FILE = YES;
				INFOPLIST_KEY_UIApplicationSceneManifest_Generation = YES;
				INFOPLIST_KEY_UIApplicationSupportsIndirectInputEvents = YES;
				INFOPLIST_KEY_UILaunchScreen_Generation = YES;
				INFOPLIST_KEY_UISupportedInterfaceOrientations_iPad = "UIInterfaceOrientationPortrait UIInterfaceOrientationPortraitUpsideDown UIInterfaceOrientationLandscapeLeft UIInterfaceOrientationLandscapeRight";
				INFOPLIST_KEY_UISupportedInterfaceOrientations_iPhone = "UIInterfaceOrientationPortrait UIInterfaceOrientationLandscapeLeft UIInterfaceOrientationLandscapeRight";
				LD_RUNPATH_SEARCH_PATHS = (
					"$(inherited)",
					"@executable_path/Frameworks",
				);
				MARKETING_VERSION = 1.0;
				PRODUCT_BUNDLE_IDENTIFIER = yavuzkaanakyuz.Random;
				PRODUCT_NAME = "$(TARGET_NAME)";
				SWIFT_EMIT_LOC_STRINGS = YES;
				SWIFT_VERSION = 5.0;
				TARGETED_DEVICE_FAMILY = "1,2";
			};
			name = Debug;
		};
		99F37B8D2B122EAE00649D0D /* Release */ = {
			isa = XCBuildConfiguration;
			buildSettings = {
				ASSETCATALOG_COMPILER_APPICON_NAME = AppIcon;
				ASSETCATALOG_COMPILER_GLOBAL_ACCENT_COLOR_NAME = AccentColor;
				CODE_SIGN_STYLE = Automatic;
				CURRENT_PROJECT_VERSION = 1;
				DEVELOPMENT_ASSET_PATHS = "\"Random/Preview Content\"";
				DEVELOPMENT_TEAM = J28YA2GMX3;
				ENABLE_PREVIEWS = YES;
				GENERATE_INFOPLIST_FILE = YES;
				INFOPLIST_KEY_UIApplicationSceneManifest_Generation = YES;
				INFOPLIST_KEY_UIApplicationSupportsIndirectInputEvents = YES;
				INFOPLIST_KEY_UILaunchScreen_Generation = YES;
				INFOPLIST_KEY_UISupportedInterfaceOrientations_iPad = "UIInterfaceOrientationPortrait UIInterfaceOrientationPortraitUpsideDown UIInterfaceOrientationLandscapeLeft UIInterfaceOrientationLandscapeRight";
				INFOPLIST_KEY_UISupportedInterfaceOrientations_iPhone = "UIInterfaceOrientationPortrait UIInterfaceOrientationLandscapeLeft UIInterfaceOrientationLandscapeRight";
				LD_RUNPATH_SEARCH_PATHS = (
					"$(inherited)",
					"@executable_path/Frameworks",
				);
				MARKETING_VERSION = 1.0;
				PRODUCT_BUNDLE_IDENTIFIER = yavuzkaanakyuz.Random;
				PRODUCT_NAME = "$(TARGET_NAME)";
				SWIFT_EMIT_LOC_STRINGS = YES;
				SWIFT_VERSION = 5.0;
				TARGETED_DEVICE_FAMILY = "1,2";
			};
			name = Release;
		};
		99F37B8F2B122EAE00649D0D /* Debug */ = {
			isa = XCBuildConfiguration;
			buildSettings = {
				ALWAYS_EMBED_SWIFT_STANDARD_LIBRARIES = YES;
				BUNDLE_LOADER = "$(TEST_HOST)";
				CODE_SIGN_STYLE = Automatic;
				CURRENT_PROJECT_VERSION = 1;
				GENERATE_INFOPLIST_FILE = YES;
				IPHONEOS_DEPLOYMENT_TARGET = 17.0;
				MARKETING_VERSION = 1.0;
				PRODUCT_BUNDLE_IDENTIFIER = yavuzkaanakyuz.RandomTests;
				PRODUCT_NAME = "$(TARGET_NAME)";
				SWIFT_EMIT_LOC_STRINGS = NO;
				SWIFT_VERSION = 5.0;
				TARGETED_DEVICE_FAMILY = "1,2";
				TEST_HOST = "$(BUILT_PRODUCTS_DIR)/Random.app/$(BUNDLE_EXECUTABLE_FOLDER_PATH)/Random";
			};
			name = Debug;
		};
		99F37B902B122EAE00649D0D /* Release */ = {
			isa = XCBuildConfiguration;
			buildSettings = {
				ALWAYS_EMBED_SWIFT_STANDARD_LIBRARIES = YES;
				BUNDLE_LOADER = "$(TEST_HOST)";
				CODE_SIGN_STYLE = Automatic;
				CURRENT_PROJECT_VERSION = 1;
				GENERATE_INFOPLIST_FILE = YES;
				IPHONEOS_DEPLOYMENT_TARGET = 17.0;
				MARKETING_VERSION = 1.0;
				PRODUCT_BUNDLE_IDENTIFIER = yavuzkaanakyuz.RandomTests;
				PRODUCT_NAME = "$(TARGET_NAME)";
				SWIFT_EMIT_LOC_STRINGS = NO;
				SWIFT_VERSION = 5.0;
				TARGETED_DEVICE_FAMILY = "1,2";
				TEST_HOST = "$(BUILT_PRODUCTS_DIR)/Random.app/$(BUNDLE_EXECUTABLE_FOLDER_PATH)/Random";
			};
			name = Release;
		};
		99F37B922B122EAE00649D0D /* Debug */ = {
			isa = XCBuildConfiguration;
			buildSettings = {
				ALWAYS_EMBED_SWIFT_STANDARD_LIBRARIES = YES;
				CODE_SIGN_STYLE = Automatic;
				CURRENT_PROJECT_VERSION = 1;
				GENERATE_INFOPLIST_FILE = YES;
				MARKETING_VERSION = 1.0;
				PRODUCT_BUNDLE_IDENTIFIER = yavuzkaanakyuz.RandomUITests;
				PRODUCT_NAME = "$(TARGET_NAME)";
				SWIFT_EMIT_LOC_STRINGS = NO;
				SWIFT_VERSION = 5.0;
				TARGETED_DEVICE_FAMILY = "1,2";
				TEST_TARGET_NAME = Random;
			};
			name = Debug;
		};
		99F37B932B122EAE00649D0D /* Release */ = {
			isa = XCBuildConfiguration;
			buildSettings = {
				ALWAYS_EMBED_SWIFT_STANDARD_LIBRARIES = YES;
				CODE_SIGN_STYLE = Automatic;
				CURRENT_PROJECT_VERSION = 1;
				GENERATE_INFOPLIST_FILE = YES;
				MARKETING_VERSION = 1.0;
				PRODUCT_BUNDLE_IDENTIFIER = yavuzkaanakyuz.RandomUITests;
				PRODUCT_NAME = "$(TARGET_NAME)";
				SWIFT_EMIT_LOC_STRINGS = NO;
				SWIFT_VERSION = 5.0;
				TARGETED_DEVICE_FAMILY = "1,2";
				TEST_TARGET_NAME = Random;
			};
			name = Release;
		};
/* End XCBuildConfiguration section */

/* Begin XCConfigurationList section */
		99F37B622B122EAC00649D0D /* Build configuration list for PBXProject "Random" */ = {
			isa = XCConfigurationList;
			buildConfigurations = (
				99F37B892B122EAE00649D0D /* Debug */,
				99F37B8A2B122EAE00649D0D /* Release */,
			);
			defaultConfigurationIsVisible = 0;
			defaultConfigurationName = Release;
		};
		99F37B8B2B122EAE00649D0D /* Build configuration list for PBXNativeTarget "Random" */ = {
			isa = XCConfigurationList;
			buildConfigurations = (
				99F37B8C2B122EAE00649D0D /* Debug */,
				99F37B8D2B122EAE00649D0D /* Release */,
			);
			defaultConfigurationIsVisible = 0;
			defaultConfigurationName = Release;
		};
		99F37B8E2B122EAE00649D0D /* Build configuration list for PBXNativeTarget "RandomTests" */ = {
			isa = XCConfigurationList;
			buildConfigurations = (
				99F37B8F2B122EAE00649D0D /* Debug */,
				99F37B902B122EAE00649D0D /* Release */,
			);
			defaultConfigurationIsVisible = 0;
			defaultConfigurationName = Release;
		};
		99F37B912B122EAE00649D0D /* Build configuration list for PBXNativeTarget "RandomUITests" */ = {
			isa = XCConfigurationList;
			buildConfigurations = (
				99F37B922B122EAE00649D0D /* Debug */,
				99F37B932B122EAE00649D0D /* Release */,
			);
			defaultConfigurationIsVisible = 0;
			defaultConfigurationName = Release;
		};
/* End XCConfigurationList section */

/* Begin XCRemoteSwiftPackageReference section */
		999C4B4F2B1A544E0030C54D /* XCRemoteSwiftPackageReference "Pow" */ = {
			isa = XCRemoteSwiftPackageReference;
			repositoryURL = "https://github.com/EmergeTools/Pow";
			requirement = {
				kind = upToNextMajorVersion;
				minimumVersion = 1.0.1;
			};
		};
/* End XCRemoteSwiftPackageReference section */

/* Begin XCSwiftPackageProductDependency section */
		999C4B502B1A544E0030C54D /* Pow */ = {
			isa = XCSwiftPackageProductDependency;
			package = 999C4B4F2B1A544E0030C54D /* XCRemoteSwiftPackageReference "Pow" */;
			productName = Pow;
		};
/* End XCSwiftPackageProductDependency section */
	};
	rootObject = 99F37B5F2B122EAC00649D0D /* Project object */;
}
